
Microsoft Visual Studio Solution File, Format Version 12.00
# Visual Studio Version 17
VisualStudioVersion = 17.0.32014.148
MinimumVisualStudioVersion = 10.0.40219.1
Project("{9A19103F-16F7-4668-BE54-9A1E7A4F7556}") = "GDA.Di", "GDA.Di\GDA.Di.csproj", "{473DF59A-E1B6-4545-B4B1-DD00B5DF88B7}"
EndProject
Project("{9A19103F-16F7-4668-BE54-9A1E7A4F7556}") = "GDA.Solution", "GDA.Solution\GDA.Solution.csproj", "{4265E469-757A-430D-8792-B1B7F7B84B82}"
EndProject
Project("{2150E333-8FDC-42A3-9474-1A3956D46DE8}") = "Solution Items", "Solution Items", "{228896CE-95D7-42C8-BFFD-BEC52DDA67A3}"
	ProjectSection(SolutionItems) = preProject
		.editorconfig = .editorconfig
	EndProjectSection
EndProject
Project("{9A19103F-16F7-4668-BE54-9A1E7A4F7556}") = "GDA.Web", "GDA.Web\GDA.Web.csproj", "{7B65B27E-E014-471C-ABA3-D571B439BBFA}"
EndProject
Project("{9A19103F-16F7-4668-BE54-9A1E7A4F7556}") = "GDA.Data", "GDA.Data\GDA.Data.csproj", "{F733035C-ED7D-43BA-92D1-FAA85365F6DC}"
EndProject
Project("{9A19103F-16F7-4668-BE54-9A1E7A4F7556}") = "GDA.Domain", "GDA.Domain\GDA.Domain.csproj", "{4FF3B0C4-1F72-4056-BF3F-736C2132E2C4}"
EndProject
Global
	GlobalSection(SolutionConfigurationPlatforms) = preSolution
		Debug|Any CPU = Debug|Any CPU
		Release|Any CPU = Release|Any CPU
	EndGlobalSection
	GlobalSection(ProjectConfigurationPlatforms) = postSolution
		{473DF59A-E1B6-4545-B4B1-DD00B5DF88B7}.Debug|Any CPU.ActiveCfg = Debug|Any CPU
		{473DF59A-E1B6-4545-B4B1-DD00B5DF88B7}.Debug|Any CPU.Build.0 = Debug|Any CPU
		{473DF59A-E1B6-4545-B4B1-DD00B5DF88B7}.Release|Any CPU.ActiveCfg = Release|Any CPU
		{473DF59A-E1B6-4545-B4B1-DD00B5DF88B7}.Release|Any CPU.Build.0 = Release|Any CPU
		{4265E469-757A-430D-8792-B1B7F7B84B82}.Debug|Any CPU.ActiveCfg = Debug|Any CPU
		{4265E469-757A-430D-8792-B1B7F7B84B82}.Debug|Any CPU.Build.0 = Debug|Any CPU
		{4265E469-757A-430D-8792-B1B7F7B84B82}.Release|Any CPU.ActiveCfg = Release|Any CPU
		{4265E469-757A-430D-8792-B1B7F7B84B82}.Release|Any CPU.Build.0 = Release|Any CPU
		{7B65B27E-E014-471C-ABA3-D571B439BBFA}.Debug|Any CPU.ActiveCfg = Debug|Any CPU
		{7B65B27E-E014-471C-ABA3-D571B439BBFA}.Debug|Any CPU.Build.0 = Debug|Any CPU
		{7B65B27E-E014-471C-ABA3-D571B439BBFA}.Release|Any CPU.ActiveCfg = Release|Any CPU
		{7B65B27E-E014-471C-ABA3-D571B439BBFA}.Release|Any CPU.Build.0 = Release|Any CPU
		{F733035C-ED7D-43BA-92D1-FAA85365F6DC}.Debug|Any CPU.ActiveCfg = Debug|Any CPU
		{F733035C-ED7D-43BA-92D1-FAA85365F6DC}.Debug|Any CPU.Build.0 = Debug|Any CPU
		{F733035C-ED7D-43BA-92D1-FAA85365F6DC}.Release|Any CPU.ActiveCfg = Release|Any CPU
		{F733035C-ED7D-43BA-92D1-FAA85365F6DC}.Release|Any CPU.Build.0 = Release|Any CPU
		{4FF3B0C4-1F72-4056-BF3F-736C2132E2C4}.Debug|Any CPU.ActiveCfg = Debug|Any CPU
		{4FF3B0C4-1F72-4056-BF3F-736C2132E2C4}.Debug|Any CPU.Build.0 = Debug|Any CPU
		{4FF3B0C4-1F72-4056-BF3F-736C2132E2C4}.Release|Any CPU.ActiveCfg = Release|Any CPU
		{4FF3B0C4-1F72-4056-BF3F-736C2132E2C4}.Release|Any CPU.Build.0 = Release|Any CPU
	EndGlobalSection
	GlobalSection(SolutionProperties) = preSolution
		HideSolutionNode = FALSE
	EndGlobalSection
	GlobalSection(ExtensibilityGlobals) = postSolution
		SolutionGuid = {04EFF9DB-6C49-4706-9E5F-5BFB6AED3AE2}
	EndGlobalSection
EndGlobal
